
Microsoft Visual Studio Solution File, Format Version 12.00
# Visual Studio Version 16
VisualStudioVersion = 16.0.30011.22
MinimumVisualStudioVersion = 10.0.40219.1
Project("{FAE04EC0-301F-11D3-BF4B-00C04F79EFBC}") = "dp-word-counter", "dp-word-counter\dp-word-counter.csproj", "{B3347FBE-E2AB-480D-8A6E-A799E1A6CE43}"
EndProject
Global
	GlobalSection(SolutionConfigurationPlatforms) = preSolution
		Debug|Any CPU = Debug|Any CPU
		Release|Any CPU = Release|Any CPU
	EndGlobalSection
	GlobalSection(ProjectConfigurationPlatforms) = postSolution
		{B3347FBE-E2AB-480D-8A6E-A799E1A6CE43}.Debug|Any CPU.ActiveCfg = Debug|Any CPU
		{B3347FBE-E2AB-480D-8A6E-A799E1A6CE43}.Debug|Any CPU.Build.0 = Debug|Any CPU
		{B3347FBE-E2AB-480D-8A6E-A799E1A6CE43}.Release|Any CPU.ActiveCfg = Release|Any CPU
		{B3347FBE-E2AB-480D-8A6E-A799E1A6CE43}.Release|Any CPU.Build.0 = Release|Any CPU
	EndGlobalSection
	GlobalSection(SolutionProperties) = preSolution
		HideSolutionNode = FALSE
	EndGlobalSection
	GlobalSection(ExtensibilityGlobals) = postSolution
		SolutionGuid = {B8A34F97-BE9F-49A8-A39F-4B6D21CD63A0}
	EndGlobalSection
EndGlobal
